
Microsoft Visual Studio Solution File, Format Version 12.00
# Visual Studio Version 17
VisualStudioVersion = 17.4.33205.214
MinimumVisualStudioVersion = 10.0.40219.1
Project("{FAE04EC0-301F-11D3-BF4B-00C04F79EFBC}") = "SMS.WebApp", "SMS.WebApp\SMS.WebApp.csproj", "{9F6EF027-067B-4CC3-A803-AD84869D89C7}"
EndProject
Project("{2150E333-8FDC-42A3-9474-1A3956D46DE8}") = "Presentation", "Presentation", "{36EA3E54-9FA9-4B61-91D5-5EA90E546DAE}"
EndProject
Project("{2150E333-8FDC-42A3-9474-1A3956D46DE8}") = "Repositories", "Repositories", "{C79EABD2-76BE-4E86-BD4D-0E566D0ABD45}"
EndProject
Project("{2150E333-8FDC-42A3-9474-1A3956D46DE8}") = "BusinessServices", "BusinessServices", "{3F438A96-6B37-415B-ABB9-3A0027CB72A4}"
EndProject
Project("{2150E333-8FDC-42A3-9474-1A3956D46DE8}") = "Infrastructure", "Infrastructure", "{B50D72FE-CB89-4C9E-B4C6-CFEB36C3B444}"
EndProject
Global
	GlobalSection(SolutionConfigurationPlatforms) = preSolution
		Debug|Any CPU = Debug|Any CPU
		Release|Any CPU = Release|Any CPU
	EndGlobalSection
	GlobalSection(ProjectConfigurationPlatforms) = postSolution
		{9F6EF027-067B-4CC3-A803-AD84869D89C7}.Debug|Any CPU.ActiveCfg = Debug|Any CPU
		{9F6EF027-067B-4CC3-A803-AD84869D89C7}.Debug|Any CPU.Build.0 = Debug|Any CPU
		{9F6EF027-067B-4CC3-A803-AD84869D89C7}.Release|Any CPU.ActiveCfg = Release|Any CPU
		{9F6EF027-067B-4CC3-A803-AD84869D89C7}.Release|Any CPU.Build.0 = Release|Any CPU
	EndGlobalSection
	GlobalSection(SolutionProperties) = preSolution
		HideSolutionNode = FALSE
	EndGlobalSection
	GlobalSection(NestedProjects) = preSolution
		{9F6EF027-067B-4CC3-A803-AD84869D89C7} = {36EA3E54-9FA9-4B61-91D5-5EA90E546DAE}
	EndGlobalSection
	GlobalSection(ExtensibilityGlobals) = postSolution
		SolutionGuid = {1068E2FE-CC3D-404A-9A25-2E6C9861A426}
	EndGlobalSection
EndGlobal
