
Microsoft Visual Studio Solution File, Format Version 12.00
# Visual Studio Version 17
VisualStudioVersion = 17.4.33205.214
MinimumVisualStudioVersion = 10.0.40219.1
Project("{FAE04EC0-301F-11D3-BF4B-00C04F79EFBC}") = "SMS.WebApp", "SMS.WebApp\SMS.WebApp.csproj", "{DDA197A5-EB43-4D9B-A5E7-AA49ACA3E597}"
EndProject
Global
	GlobalSection(SolutionConfigurationPlatforms) = preSolution
		Debug|Any CPU = Debug|Any CPU
		Release|Any CPU = Release|Any CPU
	EndGlobalSection
	GlobalSection(ProjectConfigurationPlatforms) = postSolution
		{DDA197A5-EB43-4D9B-A5E7-AA49ACA3E597}.Debug|Any CPU.ActiveCfg = Debug|Any CPU
		{DDA197A5-EB43-4D9B-A5E7-AA49ACA3E597}.Debug|Any CPU.Build.0 = Debug|Any CPU
		{DDA197A5-EB43-4D9B-A5E7-AA49ACA3E597}.Release|Any CPU.ActiveCfg = Release|Any CPU
		{DDA197A5-EB43-4D9B-A5E7-AA49ACA3E597}.Release|Any CPU.Build.0 = Release|Any CPU
	EndGlobalSection
	GlobalSection(SolutionProperties) = preSolution
		HideSolutionNode = FALSE
	EndGlobalSection
	GlobalSection(ExtensibilityGlobals) = postSolution
		SolutionGuid = {16D962F7-6F10-440E-993E-64A8883DEF67}
	EndGlobalSection
EndGlobal
